
Microsoft Visual Studio Solution File, Format Version 12.00
Project("{FAE04EC0-301F-11D3-BF4B-00C04F79EFBC}") = "Examples", "Examples.csproj", "{24B2EE33-0F2E-4183-B388-FA537142266C}"
EndProject
Global
	GlobalSection(SolutionConfigurationPlatforms) = preSolution
		Debug|Any CPU = Debug|Any CPU
		Release|Any CPU = Release|Any CPU
	EndGlobalSection
	GlobalSection(ProjectConfigurationPlatforms) = postSolution
		{24B2EE33-0F2E-4183-B388-FA537142266C}.Debug|Any CPU.ActiveCfg = Debug|Any CPU
		{24B2EE33-0F2E-4183-B388-FA537142266C}.Debug|Any CPU.Build.0 = Debug|Any CPU
		{24B2EE33-0F2E-4183-B388-FA537142266C}.Release|Any CPU.ActiveCfg = Release|Any CPU
		{24B2EE33-0F2E-4183-B388-FA537142266C}.Release|Any CPU.Build.0 = Release|Any CPU
	EndGlobalSection
EndGlobal
