
Microsoft Visual Studio Solution File, Format Version 12.00
Project("{FAE04EC0-301F-11D3-BF4B-00C04F79EFBC}") = "HeimdallPower.Api.Client", "HeimdallPower.Api.Client\HeimdallPower.Api.Client\HeimdallPower.Api.Client.csproj", "{741E80ED-CB90-46AB-ADC3-B098B6385263}"
EndProject
Project("{FAE04EC0-301F-11D3-BF4B-00C04F79EFBC}") = "HeimdallPower.Api.Client.Extensions", "HeimdallPower.Api.Client\HeimdallPower.Api.Client.Extensions\HeimdallPower.Api.Client.Extensions.csproj", "{BEFF24DA-8F6C-4DAC-91E0-B3036F43A300}"
EndProject
Project("{FAE04EC0-301F-11D3-BF4B-00C04F79EFBC}") = "Api.Client.Examples", "examples\Api.Client.Examples\Api.Client.Examples.csproj", "{08F47872-3376-472F-B10E-EFF39EF3CFF8}"
EndProject
Global
	GlobalSection(SolutionConfigurationPlatforms) = preSolution
		Debug|Any CPU = Debug|Any CPU
		Release|Any CPU = Release|Any CPU
	EndGlobalSection
	GlobalSection(ProjectConfigurationPlatforms) = postSolution
		{741E80ED-CB90-46AB-ADC3-B098B6385263}.Debug|Any CPU.ActiveCfg = Debug|Any CPU
		{741E80ED-CB90-46AB-ADC3-B098B6385263}.Debug|Any CPU.Build.0 = Debug|Any CPU
		{741E80ED-CB90-46AB-ADC3-B098B6385263}.Release|Any CPU.ActiveCfg = Release|Any CPU
		{741E80ED-CB90-46AB-ADC3-B098B6385263}.Release|Any CPU.Build.0 = Release|Any CPU
		{BEFF24DA-8F6C-4DAC-91E0-B3036F43A300}.Debug|Any CPU.ActiveCfg = Debug|Any CPU
		{BEFF24DA-8F6C-4DAC-91E0-B3036F43A300}.Debug|Any CPU.Build.0 = Debug|Any CPU
		{BEFF24DA-8F6C-4DAC-91E0-B3036F43A300}.Release|Any CPU.ActiveCfg = Release|Any CPU
		{BEFF24DA-8F6C-4DAC-91E0-B3036F43A300}.Release|Any CPU.Build.0 = Release|Any CPU
		{08F47872-3376-472F-B10E-EFF39EF3CFF8}.Debug|Any CPU.ActiveCfg = Debug|Any CPU
		{08F47872-3376-472F-B10E-EFF39EF3CFF8}.Debug|Any CPU.Build.0 = Debug|Any CPU
		{08F47872-3376-472F-B10E-EFF39EF3CFF8}.Release|Any CPU.ActiveCfg = Release|Any CPU
		{08F47872-3376-472F-B10E-EFF39EF3CFF8}.Release|Any CPU.Build.0 = Release|Any CPU
	EndGlobalSection
EndGlobal
