
Microsoft Visual Studio Solution File, Format Version 12.00
Project("{FAE04EC0-301F-11D3-BF4B-00C04F79EFBC}") = "HeimdallPower.Api.Client", "HeimdallPower.Api.Client\HeimdallPower.Api.Client\HeimdallPower.Api.Client.csproj", "{741E80ED-CB90-46AB-ADC3-B098B6385263}"
EndProject
Project("{FAE04EC0-301F-11D3-BF4B-00C04F79EFBC}") = "HeimdallPower.Api.Client.Extensions", "HeimdallPower.Api.Client\HeimdallPower.Api.Client.Extensions\HeimdallPower.Api.Client.Extensions.csproj", "{BEFF24DA-8F6C-4DAC-91E0-B3036F43A300}"
EndProject
Project("{FAE04EC0-301F-11D3-BF4B-00C04F79EFBC}") = "Api.Client.Examples", "examples\Api.Client.Examples\Api.Client.Examples.csproj", "{08F47872-3376-472F-B10E-EFF39EF3CFF8}"
EndProject
Project("{2150E333-8FDC-42A3-9474-1A3956D46DE8}") = "tests", "tests", "{39C80089-F861-4AAB-AF7E-699DFCB359A9}"
EndProject
Project("{2150E333-8FDC-42A3-9474-1A3956D46DE8}") = "integration", "integration", "{10EE1B99-3A8D-4D3C-890F-296CDD6037ED}"
EndProject
Project("{FAE04EC0-301F-11D3-BF4B-00C04F79EFBC}") = "HeimdallPower.Api.Client.IntegrationTests", "tests\integration\HeimdallPower.Api.Client.IntegrationTests\HeimdallPower.Api.Client.IntegrationTests.csproj", "{E5BCB312-BED1-4866-B14B-255A599F6EBB}"
EndProject
Project("{2150E333-8FDC-42A3-9474-1A3956D46DE8}") = "examples", "examples", "{71D0FD6A-66C5-4B49-8E9C-CC6B21DED409}"
EndProject
Global
	GlobalSection(SolutionConfigurationPlatforms) = preSolution
		Debug|Any CPU = Debug|Any CPU
		Release|Any CPU = Release|Any CPU
	EndGlobalSection
	GlobalSection(ProjectConfigurationPlatforms) = postSolution
		{741E80ED-CB90-46AB-ADC3-B098B6385263}.Debug|Any CPU.ActiveCfg = Debug|Any CPU
		{741E80ED-CB90-46AB-ADC3-B098B6385263}.Debug|Any CPU.Build.0 = Debug|Any CPU
		{741E80ED-CB90-46AB-ADC3-B098B6385263}.Release|Any CPU.ActiveCfg = Release|Any CPU
		{741E80ED-CB90-46AB-ADC3-B098B6385263}.Release|Any CPU.Build.0 = Release|Any CPU
		{BEFF24DA-8F6C-4DAC-91E0-B3036F43A300}.Debug|Any CPU.ActiveCfg = Debug|Any CPU
		{BEFF24DA-8F6C-4DAC-91E0-B3036F43A300}.Debug|Any CPU.Build.0 = Debug|Any CPU
		{BEFF24DA-8F6C-4DAC-91E0-B3036F43A300}.Release|Any CPU.ActiveCfg = Release|Any CPU
		{BEFF24DA-8F6C-4DAC-91E0-B3036F43A300}.Release|Any CPU.Build.0 = Release|Any CPU
		{08F47872-3376-472F-B10E-EFF39EF3CFF8}.Debug|Any CPU.ActiveCfg = Debug|Any CPU
		{08F47872-3376-472F-B10E-EFF39EF3CFF8}.Debug|Any CPU.Build.0 = Debug|Any CPU
		{08F47872-3376-472F-B10E-EFF39EF3CFF8}.Release|Any CPU.ActiveCfg = Release|Any CPU
		{08F47872-3376-472F-B10E-EFF39EF3CFF8}.Release|Any CPU.Build.0 = Release|Any CPU
		{E5BCB312-BED1-4866-B14B-255A599F6EBB}.Debug|Any CPU.ActiveCfg = Debug|Any CPU
		{E5BCB312-BED1-4866-B14B-255A599F6EBB}.Debug|Any CPU.Build.0 = Debug|Any CPU
		{E5BCB312-BED1-4866-B14B-255A599F6EBB}.Release|Any CPU.ActiveCfg = Release|Any CPU
		{E5BCB312-BED1-4866-B14B-255A599F6EBB}.Release|Any CPU.Build.0 = Release|Any CPU
	EndGlobalSection
	GlobalSection(SolutionProperties) = preSolution
		HideSolutionNode = FALSE
	EndGlobalSection
	GlobalSection(NestedProjects) = preSolution
		{10EE1B99-3A8D-4D3C-890F-296CDD6037ED} = {39C80089-F861-4AAB-AF7E-699DFCB359A9}
		{E5BCB312-BED1-4866-B14B-255A599F6EBB} = {10EE1B99-3A8D-4D3C-890F-296CDD6037ED}
		{08F47872-3376-472F-B10E-EFF39EF3CFF8} = {71D0FD6A-66C5-4B49-8E9C-CC6B21DED409}
	EndGlobalSection
EndGlobal
